
Microsoft Visual Studio Solution File, Format Version 12.00
# Visual Studio Version 17
VisualStudioVersion = 17.9.34622.214
MinimumVisualStudioVersion = 10.0.40219.1
Project("{FAE04EC0-301F-11D3-BF4B-00C04F79EFBC}") = "Country", "Country\Country.csproj", "{995C32DB-B0D4-4A70-BA20-A8329D5BB17C}"
EndProject
Global
	GlobalSection(SolutionConfigurationPlatforms) = preSolution
		Debug|Any CPU = Debug|Any CPU
		Release|Any CPU = Release|Any CPU
	EndGlobalSection
	GlobalSection(ProjectConfigurationPlatforms) = postSolution
		{995C32DB-B0D4-4A70-BA20-A8329D5BB17C}.Debug|Any CPU.ActiveCfg = Debug|Any CPU
		{995C32DB-B0D4-4A70-BA20-A8329D5BB17C}.Debug|Any CPU.Build.0 = Debug|Any CPU
		{995C32DB-B0D4-4A70-BA20-A8329D5BB17C}.Release|Any CPU.ActiveCfg = Release|Any CPU
		{995C32DB-B0D4-4A70-BA20-A8329D5BB17C}.Release|Any CPU.Build.0 = Release|Any CPU
	EndGlobalSection
	GlobalSection(SolutionProperties) = preSolution
		HideSolutionNode = FALSE
	EndGlobalSection
	GlobalSection(ExtensibilityGlobals) = postSolution
		SolutionGuid = {521C5527-8FF3-4697-A8C2-A3789FBF5B17}
	EndGlobalSection
EndGlobal
